
Microsoft Visual Studio Solution File, Format Version 12.00
# Visual Studio Version 17
VisualStudioVersion = 17.5.002.0
MinimumVisualStudioVersion = 10.0.40219.1
Project("{2150E333-8FDC-42A3-9474-1A3956D46DE8}") = "Back", "Back", "{C4AC728B-6EEC-494A-B925-5F6B401E9573}"
EndProject
Project("{2150E333-8FDC-42A3-9474-1A3956D46DE8}") = "src", "src", "{14C36EB2-F524-4F9B-B05E-3D5A7306D902}"
EndProject
Project("{9A19103F-16F7-4668-BE54-9A1E7A4F7556}") = "ProEventos.API", "Back\src\ProEventos.API\ProEventos.API.csproj", "{36FCBE80-095A-4FED-B9B6-8824E174EE96}"
EndProject
Global
	GlobalSection(SolutionConfigurationPlatforms) = preSolution
		Debug|Any CPU = Debug|Any CPU
		Release|Any CPU = Release|Any CPU
	EndGlobalSection
	GlobalSection(ProjectConfigurationPlatforms) = postSolution
		{36FCBE80-095A-4FED-B9B6-8824E174EE96}.Debug|Any CPU.ActiveCfg = Debug|Any CPU
		{36FCBE80-095A-4FED-B9B6-8824E174EE96}.Debug|Any CPU.Build.0 = Debug|Any CPU
		{36FCBE80-095A-4FED-B9B6-8824E174EE96}.Release|Any CPU.ActiveCfg = Release|Any CPU
		{36FCBE80-095A-4FED-B9B6-8824E174EE96}.Release|Any CPU.Build.0 = Release|Any CPU
	EndGlobalSection
	GlobalSection(SolutionProperties) = preSolution
		HideSolutionNode = FALSE
	EndGlobalSection
	GlobalSection(NestedProjects) = preSolution
		{14C36EB2-F524-4F9B-B05E-3D5A7306D902} = {C4AC728B-6EEC-494A-B925-5F6B401E9573}
		{36FCBE80-095A-4FED-B9B6-8824E174EE96} = {14C36EB2-F524-4F9B-B05E-3D5A7306D902}
	EndGlobalSection
	GlobalSection(ExtensibilityGlobals) = postSolution
		SolutionGuid = {FC321551-7F82-46BA-B4CC-3495277CE89E}
	EndGlobalSection
EndGlobal
